
Microsoft Visual Studio Solution File, Format Version 12.00
# Visual Studio 15
VisualStudioVersion = 15.0.28307.168
MinimumVisualStudioVersion = 10.0.40219.1
Project("{FAE04EC0-301F-11D3-BF4B-00C04F79EFBC}") = "EbayCSVParser", "EbayCSVParser\EbayCSVParser.csproj", "{10861550-5CCD-4FCD-94D6-9A736B45CB09}"
EndProject
Global
	GlobalSection(SolutionConfigurationPlatforms) = preSolution
		Debug|Any CPU = Debug|Any CPU
		Release|Any CPU = Release|Any CPU
	EndGlobalSection
	GlobalSection(ProjectConfigurationPlatforms) = postSolution
		{10861550-5CCD-4FCD-94D6-9A736B45CB09}.Debug|Any CPU.ActiveCfg = Debug|Any CPU
		{10861550-5CCD-4FCD-94D6-9A736B45CB09}.Debug|Any CPU.Build.0 = Debug|Any CPU
		{10861550-5CCD-4FCD-94D6-9A736B45CB09}.Release|Any CPU.ActiveCfg = Release|Any CPU
		{10861550-5CCD-4FCD-94D6-9A736B45CB09}.Release|Any CPU.Build.0 = Release|Any CPU
	EndGlobalSection
	GlobalSection(SolutionProperties) = preSolution
		HideSolutionNode = FALSE
	EndGlobalSection
	GlobalSection(ExtensibilityGlobals) = postSolution
		SolutionGuid = {C35EF183-99AD-44D7-9CA1-F5AA5EB569EE}
	EndGlobalSection
EndGlobal
